// !$*UTF8*$!
{
	archiveVersion = 1;
	classes = {
	};
	objectVersion = 77;
	objects = {

/* Begin PBXBuildFile section */
		992BD8D32F75AC5B007ABF69 /* Supabase in Frameworks */ = {isa = PBXBuildFile; productRef = 992BD8D22F75AC5B007ABF69 /* Supabase */; };
		992BD97F2F7CE71D007ABF69 /* WebKit.framework in Frameworks */ = {isa = PBXBuildFile; fileRef = 992BD97E2F7CE71D007ABF69 /* WebKit.framework */; };
/* End PBXBuildFile section */

/* Begin PBXContainerItemProxy section */
		996BBC7F2EE23EE800C4A68C /* PBXContainerItemProxy */ = {
			isa = PBXContainerItemProxy;
			containerPortal = 996BBC672EE23EE700C4A68C /* Project object */;
			proxyType = 1;
			remoteGlobalIDString = 996BBC6E2EE23EE700C4A68C;
			remoteInfo = "OnThaSet (New)";
		};
		996BBC892EE23EE800C4A68C /* PBXContainerItemProxy */ = {
			isa = PBXContainerItemProxy;
			containerPortal = 996BBC672EE23EE700C4A68C /* Project object */;
			proxyType = 1;
			remoteGlobalIDString = 996BBC6E2EE23EE700C4A68C;
			remoteInfo = "OnThaSet (New)";
		};
/* End PBXContainerItemProxy section */

/* Begin PBXFileReference section */
		992BD97E2F7CE71D007ABF69 /* WebKit.framework */ = {isa = PBXFileReference; lastKnownFileType = wrapper.framework; name = WebKit.framework; path = System/Library/Frameworks/WebKit.framework; sourceTree = SDKROOT; };
		996BBC6F2EE23EE700C4A68C /* OnThaSet (New).app */ = {isa = PBXFileReference; explicitFileType = wrapper.application; includeInIndex = 0; path = "OnThaSet (New).app"; sourceTree = BUILT_PRODUCTS_DIR; };
		996BBC7E2EE23EE800C4A68C /* OnThaSet (New)Tests.xctest */ = {isa = PBXFileReference; explicitFileType = wrapper.cfbundle; includeInIndex = 0; path = "OnThaSet (New)Tests.xctest"; sourceTree = BUILT_PRODUCTS_DIR; };
		996BBC882EE23EE800C4A68C /* OnThaSet (New)UITests.xctest */ = {isa = PBXFileReference; explicitFileType = wrapper.cfbundle; includeInIndex = 0; path = "OnThaSet (New)UITests.xctest"; sourceTree = BUILT_PRODUCTS_DIR; };
/* End PBXFileReference section */

/* Begin PBXFileSystemSynchronizedRootGroup section */
		996BBC712EE23EE700C4A68C /* OnThaSet (New) */ = {
			isa = PBXFileSystemSynchronizedRootGroup;
			path = "OnThaSet (New)";
			sourceTree = "<group>";
		};
		996BBC812EE23EE800C4A68C /* OnThaSet (New)Tests */ = {
			isa = PBXFileSystemSynchronizedRootGroup;
			path = "OnThaSet (New)Tests";
			sourceTree = "<group>";
		};
		996BBC8B2EE23EE800C4A68C /* OnThaSet (New)UITests */ = {
			isa = PBXFileSystemSynchronizedRootGroup;
			path = "OnThaSet (New)UITests";
			sourceTree = "<group>";
		};
/* End PBXFileSystemSynchronizedRootGroup section */

/* Begin PBXFrameworksBuildPhase section */
		996BBC6C2EE23EE700C4A68C /* Frameworks */ = {
			isa = PBXFrameworksBuildPhase;
			buildActionMask = 2147483647;
			files = (
				992BD97F2F7CE71D007ABF69 /* WebKit.framework in Frameworks */,
				992BD8D32F75AC5B007ABF69 /* Supabase in Frameworks */,
			);
			runOnlyForDeploymentPostprocessing = 0;
		};
		996BBC7B2EE23EE800C4A68C /* Frameworks */ = {
			isa = PBXFrameworksBuildPhase;
			buildActionMask = 2147483647;
			files = (
			);
			runOnlyForDeploymentPostprocessing = 0;
		};
		996BBC852EE23EE800C4A68C /* Frameworks */ = {
			isa = PBXFrameworksBuildPhase;
			buildActionMask = 2147483647;
			files = (
			);
			runOnlyForDeploymentPostprocessing = 0;
		};
/* End PBXFrameworksBuildPhase section */

/* Begin PBXGroup section */
		992BD8D12F75AC5B007ABF69 /* Frameworks */ = {
			isa = PBXGroup;
			children = (
				992BD97E2F7CE71D007ABF69 /* WebKit.framework */,
			);
			name = Frameworks;
			sourceTree = "<group>";
		};
		996BBC662EE23EE700C4A68C = {
			isa = PBXGroup;
			children = (
				996BBC712EE23EE700C4A68C /* OnThaSet (New) */,
				996BBC812EE23EE800C4A68C /* OnThaSet (New)Tests */,
				996BBC8B2EE23EE800C4A68C /* OnThaSet (New)UITests */,
				992BD8D12F75AC5B007ABF69 /* Frameworks */,
				996BBC702EE23EE700C4A68C /* Products */,
			);
			sourceTree = "<group>";
		};
		996BBC702EE23EE700C4A68C /* Products */ = {
			isa = PBXGroup;
			children = (
				996BBC6F2EE23EE700C4A68C /* OnThaSet (New).app */,
				996BBC7E2EE23EE800C4A68C /* OnThaSet (New)Tests.xctest */,
				996BBC882EE23EE800C4A68C /* OnThaSet (New)UITests.xctest */,
			);
			name = Products;
			sourceTree = "<group>";
		};
/* End PBXGroup section */

/* Begin PBXNativeTarget section */
		996BBC6E2EE23EE700C4A68C /* OnThaSet (New) */ = {
			isa = PBXNativeTarget;
			buildConfigurationList = 996BBC922EE23EE800C4A68C /* Build configuration list for PBXNativeTarget "OnThaSet (New)" */;
			buildPhases = (
				996BBC6B2EE23EE700C4A68C /* Sources */,
				996BBC6C2EE23EE700C4A68C /* Frameworks */,
				996BBC6D2EE23EE700C4A68C /* Resources */,
			);
			buildRules = (
			);
			dependencies = (
			);
			fileSystemSynchronizedGroups = (
				996BBC712EE23EE700C4A68C /* OnThaSet (New) */,
			);
			name = "OnThaSet (New)";
			packageProductDependencies = (
				992BD8D22F75AC5B007ABF69 /* Supabase */,
			);
			productName = "OnThaSet (New)";
			productReference = 996BBC6F2EE23EE700C4A68C /* OnThaSet (New).app */;
			productType = "com.apple.product-type.application";
		};
		996BBC7D2EE23EE800C4A68C /* OnThaSet (New)Tests */ = {
			isa = PBXNativeTarget;
			buildConfigurationList = 996BBC952EE23EE800C4A68C /* Build configuration list for PBXNativeTarget "OnThaSet (New)Tests" */;
			buildPhases = (
				996BBC7A2EE23EE800C4A68C /* Sources */,
				996BBC7B2EE23EE800C4A68C /* Frameworks */,
				996BBC7C2EE23EE800C4A68C /* Resources */,
			);
			buildRules = (
			);
			dependencies = (
				996BBC802EE23EE800C4A68C /* PBXTargetDependency */,
			);
			fileSystemSynchronizedGroups = (
				996BBC812EE23EE800C4A68C /* OnThaSet (New)Tests */,
			);
			name = "OnThaSet (New)Tests";
			packageProductDependencies = (
			);
			productName = "OnThaSet (New)Tests";
			productReference = 996BBC7E2EE23EE800C4A68C /* OnThaSet (New)Tests.xctest */;
			productType = "com.apple.product-type.bundle.unit-test";
		};
		996BBC872EE23EE800C4A68C /* OnThaSet (New)UITests */ = {
			isa = PBXNativeTarget;
			buildConfigurationList = 996BBC982EE23EE800C4A68C /* Build configuration list for PBXNativeTarget "OnThaSet (New)UITests" */;
			buildPhases = (
				996BBC842EE23EE800C4A68C /* Sources */,
				996BBC852EE23EE800C4A68C /* Frameworks */,
				996BBC862EE23EE800C4A68C /* Resources */,
			);
			buildRules = (
			);
			dependencies = (
				996BBC8A2EE23EE800C4A68C /* PBXTargetDependency */,
			);
			fileSystemSynchronizedGroups = (
				996BBC8B2EE23EE800C4A68C /* OnThaSet (New)UITests */,
			);
			name = "OnThaSet (New)UITests";
			packageProductDependencies = (
			);
			productName = "OnThaSet (New)UITests";
			productReference = 996BBC882EE23EE800C4A68C /* OnThaSet (New)UITests.xctest */;
			productType = "com.apple.product-type.bundle.ui-testing";
		};
/* End PBXNativeTarget section */

/* Begin PBXProject section */
		996BBC672EE23EE700C4A68C /* Project object */ = {
			isa = PBXProject;
			attributes = {
				BuildIndependentTargetsInParallel = 1;
				LastSwiftUpdateCheck = 1640;
				LastUpgradeCheck = 1640;
				TargetAttributes = {
					996BBC6E2EE23EE700C4A68C = {
						CreatedOnToolsVersion = 16.4;
					};
					996BBC7D2EE23EE800C4A68C = {
						CreatedOnToolsVersion = 16.4;
						TestTargetID = 996BBC6E2EE23EE700C4A68C;
					};
					996BBC872EE23EE800C4A68C = {
						CreatedOnToolsVersion = 16.4;
						TestTargetID = 996BBC6E2EE23EE700C4A68C;
					};
				};
			};
			buildConfigurationList = 996BBC6A2EE23EE700C4A68C /* Build configuration list for PBXProject "OnThaSet (New)" */;
			developmentRegion = en;
			hasScannedForEncodings = 0;
			knownRegions = (
				en,
				Base,
			);
			mainGroup = 996BBC662EE23EE700C4A68C;
			minimizedProjectReferenceProxies = 1;
			packageReferences = (
				992BD8CC2F75A667007ABF69 /* XCRemoteSwiftPackageReference "supabase-swift" */,
			);
			preferredProjectObjectVersion = 77;
			productRefGroup = 996BBC702EE23EE700C4A68C /* Products */;
			projectDirPath = "";
			projectRoot = "";
			targets = (
				996BBC6E2EE23EE700C4A68C /* OnThaSet (New) */,
				996BBC7D2EE23EE800C4A68C /* OnThaSet (New)Tests */,
				996BBC872EE23EE800C4A68C /* OnThaSet (New)UITests */,
			);
		};
/* End PBXProject section */

/* Begin PBXResourcesBuildPhase section */
		996BBC6D2EE23EE700C4A68C /* Resources */ = {
			isa = PBXResourcesBuildPhase;
			buildActionMask = 2147483647;
			files = (
			);
			runOnlyForDeploymentPostprocessing = 0;
		};
		996BBC7C2EE23EE800C4A68C /* Resources */ = {
			isa = PBXResourcesBuildPhase;
			buildActionMask = 2147483647;
			files = (
			);
			runOnlyForDeploymentPostprocessing = 0;
		};
		996BBC862EE23EE800C4A68C /* Resources */ = {
			isa = PBXResourcesBuildPhase;
			buildActionMask = 2147483647;
			files = (
			);
			runOnlyForDeploymentPostprocessing = 0;
		};
/* End PBXResourcesBuildPhase section */

/* Begin PBXSourcesBuildPhase section */
		996BBC6B2EE23EE700C4A68C /* Sources */ = {
			isa = PBXSourcesBuildPhase;
			buildActionMask = 2147483647;
			files = (
			);
			runOnlyForDeploymentPostprocessing = 0;
		};
		996BBC7A2EE23EE800C4A68C /* Sources */ = {
			isa = PBXSourcesBuildPhase;
			buildActionMask = 2147483647;
			files = (
			);
			runOnlyForDeploymentPostprocessing = 0;
		};
		996BBC842EE23EE800C4A68C /* Sources */ = {
			isa = PBXSourcesBuildPhase;
			buildActionMask = 2147483647;
			files = (
			);
			runOnlyForDeploymentPostprocessing = 0;
		};
/* End PBXSourcesBuildPhase section */

/* Begin PBXTargetDependency section */
		996BBC802EE23EE800C4A68C /* PBXTargetDependency */ = {
			isa = PBXTargetDependency;
			target = 996BBC6E2EE23EE700C4A68C /* OnThaSet (New) */;
			targetProxy = 996BBC7F2EE23EE800C4A68C /* PBXContainerItemProxy */;
		};
		996BBC8A2EE23EE800C4A68C /* PBXTargetDependency */ = {
			isa = PBXTargetDependency;
			target = 996BBC6E2EE23EE700C4A68C /* OnThaSet (New) */;
			targetProxy = 996BBC892EE23EE800C4A68C /* PBXContainerItemProxy */;
		};
/* End PBXTargetDependency section */

/* Begin XCBuildConfiguration section */
		996BBC902EE23EE800C4A68C /* Debug */ = {
			isa = XCBuildConfiguration;
			buildSettings = {
				ALWAYS_SEARCH_USER_PATHS = NO;
				ASSETCATALOG_COMPILER_GENERATE_SWIFT_ASSET_SYMBOL_EXTENSIONS = YES;
				CLANG_ANALYZER_NONNULL = YES;
				CLANG_ANALYZER_NUMBER_OBJECT_CONVERSION = YES_AGGRESSIVE;
				CLANG_CXX_LANGUAGE_STANDARD = "gnu++20";
				CLANG_ENABLE_MODULES = YES;
				CLANG_ENABLE_OBJC_ARC = YES;
				CLANG_ENABLE_OBJC_WEAK = YES;
				CLANG_WARN_BLOCK_CAPTURE_AUTORELEASING = YES;
				CLANG_WARN_BOOL_CONVERSION = YES;
				CLANG_WARN_COMMA = YES;
				CLANG_WARN_CONSTANT_CONVERSION = YES;
				CLANG_WARN_DEPRECATED_OBJC_IMPLEMENTATIONS = YES;
				CLANG_WARN_DIRECT_OBJC_ISA_USAGE = YES_ERROR;
				CLANG_WARN_DOCUMENTATION_COMMENTS = YES;
				CLANG_WARN_EMPTY_BODY = YES;
				CLANG_WARN_ENUM_CONVERSION = YES;
				CLANG_WARN_INFINITE_RECURSION = YES;
				CLANG_WARN_INT_CONVERSION = YES;
				CLANG_WARN_NON_LITERAL_NULL_CONVERSION = YES;
				CLANG_WARN_OBJC_IMPLICIT_RETAIN_SELF = YES;
				CLANG_WARN_OBJC_LITERAL_CONVERSION = YES;
				CLANG_WARN_OBJC_ROOT_CLASS = YES_ERROR;
				CLANG_WARN_QUOTED_INCLUDE_IN_FRAMEWORK_HEADER = YES;
				CLANG_WARN_RANGE_LOOP_ANALYSIS = YES;
				CLANG_WARN_STRICT_PROTOTYPES = YES;
				CLANG_WARN_SUSPICIOUS_MOVE = YES;
				CLANG_WARN_UNGUARDED_AVAILABILITY = YES_AGGRESSIVE;
				CLANG_WARN_UNREACHABLE_CODE = YES;
				CLANG_WARN__DUPLICATE_METHOD_MATCH = YES;
				COPY_PHASE_STRIP = NO;
				DEBUG_INFORMATION_FORMAT = dwarf;
				ENABLE_STRICT_OBJC_MSGSEND = YES;
				ENABLE_TESTABILITY = YES;
				ENABLE_USER_SCRIPT_SANDBOXING = YES;
				GCC_C_LANGUAGE_STANDARD = gnu17;
				GCC_DYNAMIC_NO_PIC = NO;
				GCC_NO_COMMON_BLOCKS = YES;
				GCC_OPTIMIZATION_LEVEL = 0;
				GCC_PREPROCESSOR_DEFINITIONS = (
					"DEBUG=1",
					"$(inherited)",
				);
				GCC_WARN_64_TO_32_BIT_CONVERSION = YES;
				GCC_WARN_ABOUT_RETURN_TYPE = YES_ERROR;
				GCC_WARN_UNDECLARED_SELECTOR = YES;
				GCC_WARN_UNINITIALIZED_AUTOS = YES_AGGRESSIVE;
				GCC_WARN_UNUSED_FUNCTION = YES;
				GCC_WARN_UNUSED_VARIABLE = YES;
				IPHONEOS_DEPLOYMENT_TARGET = 18.5;
				LOCALIZATION_PREFERS_STRING_CATALOGS = YES;
				MTL_ENABLE_DEBUG_INFO = INCLUDE_SOURCE;
				MTL_FAST_MATH = YES;
				ONLY_ACTIVE_ARCH = YES;
				SDKROOT = iphoneos;
				SWIFT_ACTIVE_COMPILATION_CONDITIONS = "DEBUG $(inherited)";
				SWIFT_OPTIMIZATION_LEVEL = "-Onone";
			};
			name = Debug;
		};
		996BBC912EE23EE800C4A68C /* Release */ = {
			isa = XCBuildConfiguration;
			buildSettings = {
				ALWAYS_SEARCH_USER_PATHS = NO;
				ASSETCATALOG_COMPILER_GENERATE_SWIFT_ASSET_SYMBOL_EXTENSIONS = YES;
				CLANG_ANALYZER_NONNULL = YES;
				CLANG_ANALYZER_NUMBER_OBJECT_CONVERSION = YES_AGGRESSIVE;
				CLANG_CXX_LANGUAGE_STANDARD = "gnu++20";
				CLANG_ENABLE_MODULES = YES;
				CLANG_ENABLE_OBJC_ARC = YES;
				CLANG_ENABLE_OBJC_WEAK = YES;
				CLANG_WARN_BLOCK_CAPTURE_AUTORELEASING = YES;
				CLANG_WARN_BOOL_CONVERSION = YES;
				CLANG_WARN_COMMA = YES;
				CLANG_WARN_CONSTANT_CONVERSION = YES;
				CLANG_WARN_DEPRECATED_OBJC_IMPLEMENTATIONS = YES;
				CLANG_WARN_DIRECT_OBJC_ISA_USAGE = YES_ERROR;
				CLANG_WARN_DOCUMENTATION_COMMENTS = YES;
				CLANG_WARN_EMPTY_BODY = YES;
				CLANG_WARN_ENUM_CONVERSION = YES;
				CLANG_WARN_INFINITE_RECURSION = YES;
				CLANG_WARN_INT_CONVERSION = YES;
				CLANG_WARN_NON_LITERAL_NULL_CONVERSION = YES;
				CLANG_WARN_OBJC_IMPLICIT_RETAIN_SELF = YES;
				CLANG_WARN_OBJC_LITERAL_CONVERSION = YES;
				CLANG_WARN_OBJC_ROOT_CLASS = YES_ERROR;
				CLANG_WARN_QUOTED_INCLUDE_IN_FRAMEWORK_HEADER = YES;
				CLANG_WARN_RANGE_LOOP_ANALYSIS = YES;
				CLANG_WARN_STRICT_PROTOTYPES = YES;
				CLANG_WARN_SUSPICIOUS_MOVE = YES;
				CLANG_WARN_UNGUARDED_AVAILABILITY = YES_AGGRESSIVE;
				CLANG_WARN_UNREACHABLE_CODE = YES;
				CLANG_WARN__DUPLICATE_METHOD_MATCH = YES;
				COPY_PHASE_STRIP = NO;
				DEBUG_INFORMATION_FORMAT = "dwarf-with-dsym";
				ENABLE_NS_ASSERTIONS = NO;
				ENABLE_STRICT_OBJC_MSGSEND = YES;
				ENABLE_USER_SCRIPT_SANDBOXING = YES;
				GCC_C_LANGUAGE_STANDARD = gnu17;
				GCC_NO_COMMON_BLOCKS = YES;
				GCC_WARN_64_TO_32_BIT_CONVERSION = YES;
				GCC_WARN_ABOUT_RETURN_TYPE = YES_ERROR;
				GCC_WARN_UNDECLARED_SELECTOR = YES;
				GCC_WARN_UNINITIALIZED_AUTOS = YES_AGGRESSIVE;
				GCC_WARN_UNUSED_FUNCTION = YES;
				GCC_WARN_UNUSED_VARIABLE = YES;
				IPHONEOS_DEPLOYMENT_TARGET = 18.5;
				LOCALIZATION_PREFERS_STRING_CATALOGS = YES;
				MTL_ENABLE_DEBUG_INFO = NO;
				MTL_FAST_MATH = YES;
				SDKROOT = iphoneos;
				SWIFT_COMPILATION_MODE = wholemodule;
				VALIDATE_PRODUCT = YES;
			};
			name = Release;
		};
		996BBC932EE23EE800C4A68C /* Debug */ = {
			isa = XCBuildConfiguration;
			buildSettings = {
				ASSETCATALOG_COMPILER_APPICON_NAME = AppIcon;
				ASSETCATALOG_COMPILER_GLOBAL_ACCENT_COLOR_NAME = AccentColor;
				CODE_SIGN_ENTITLEMENTS = "OnThaSet (New)/OnThaSet (New).entitlements";
				CODE_SIGN_STYLE = Automatic;
				CURRENT_PROJECT_VERSION = 1;
				DEVELOPMENT_TEAM = 8Y7Q88S8AY;
				ENABLE_PREVIEWS = YES;
				GENERATE_INFOPLIST_FILE = YES;
				INFOPLIST_FILE = "OnThaSet--New--Info.plist";
				INFOPLIST_KEY_CFBundleDisplayName = "On Tha Set";
				INFOPLIST_KEY_LSApplicationCategoryType = "public.app-category.social-networking";
				INFOPLIST_KEY_NSCameraUsageDescription = "On Tha Set uses your camera to capture event flyers.\n";
				INFOPLIST_KEY_NSLocationAlwaysUsageDescription = "LOCATION REQUIRED TO ACCESS EVENTS NEAR YOU SERVICES";
				INFOPLIST_KEY_NSLocationWhenInUseUsageDescription = "On Tha Set uses your location to show motorcycle events near you.";
				INFOPLIST_KEY_NSPhotoLibraryAddUsageDescription = "Libary access required to post event flyer details";
				INFOPLIST_KEY_NSPhotoLibraryUsageDescription = "On Tha Set accesses your photos to upload event flyers and business logos.";
				INFOPLIST_KEY_UIApplicationSceneManifest_Generation = YES;
				INFOPLIST_KEY_UILaunchScreen_Generation = YES;
				INFOPLIST_KEY_UISupportedInterfaceOrientations_iPad = "UIInterfaceOrientationPortrait UIInterfaceOrientationPortraitUpsideDown UIInterfaceOrientationLandscapeLeft UIInterfaceOrientationLandscapeRight";
				INFOPLIST_KEY_UISupportedInterfaceOrientations_iPhone = "";
				IPHONEOS_DEPLOYMENT_TARGET = 17.6;
				LD_RUNPATH_SEARCH_PATHS = (
					"$(inherited)",
					"@executable_path/Frameworks",
				);
				MARKETING_VERSION = 1.0;
				PRODUCT_BUNDLE_IDENTIFIER = com.hayesenterprisesllc.onthaset;
				PRODUCT_NAME = "$(TARGET_NAME)";
				SUPPORTED_PLATFORMS = "iphoneos iphonesimulator";
				SUPPORTS_MACCATALYST = NO;
				SUPPORTS_MAC_DESIGNED_FOR_IPHONE_IPAD = NO;
				SUPPORTS_XR_DESIGNED_FOR_IPHONE_IPAD = NO;
				SWIFT_EMIT_LOC_STRINGS = YES;
				SWIFT_VERSION = 5.0;
				TARGETED_DEVICE_FAMILY = 1;
			};
			name = Debug;
		};
		996BBC942EE23EE800C4A68C /* Release */ = {
			isa = XCBuildConfiguration;
			buildSettings = {
				ASSETCATALOG_COMPILER_APPICON_NAME = AppIcon;
				ASSETCATALOG_COMPILER_GLOBAL_ACCENT_COLOR_NAME = AccentColor;
				CODE_SIGN_ENTITLEMENTS = "OnThaSet (New)/OnThaSet (New).entitlements";
				CODE_SIGN_STYLE = Automatic;
				CURRENT_PROJECT_VERSION = 1;
				DEVELOPMENT_TEAM = 8Y7Q88S8AY;
				ENABLE_PREVIEWS = YES;
				GENERATE_INFOPLIST_FILE = YES;
				INFOPLIST_FILE = "OnThaSet--New--Info.plist";
				INFOPLIST_KEY_CFBundleDisplayName = "On Tha Set";
				INFOPLIST_KEY_LSApplicationCategoryType = "public.app-category.social-networking";
				INFOPLIST_KEY_NSCameraUsageDescription = "On Tha Set uses your camera to capture event flyers.\n";
				INFOPLIST_KEY_NSLocationAlwaysUsageDescription = "LOCATION REQUIRED TO ACCESS EVENTS NEAR YOU SERVICES";
				INFOPLIST_KEY_NSLocationWhenInUseUsageDescription = "On Tha Set uses your location to show motorcycle events near you.";
				INFOPLIST_KEY_NSPhotoLibraryAddUsageDescription = "Libary access required to post event flyer details";
				INFOPLIST_KEY_NSPhotoLibraryUsageDescription = "On Tha Set accesses your photos to upload event flyers and business logos.";
				INFOPLIST_KEY_UIApplicationSceneManifest_Generation = YES;
				INFOPLIST_KEY_UILaunchScreen_Generation = YES;
				INFOPLIST_KEY_UISupportedInterfaceOrientations_iPad = "UIInterfaceOrientationPortrait UIInterfaceOrientationPortraitUpsideDown UIInterfaceOrientationLandscapeLeft UIInterfaceOrientationLandscapeRight";
				INFOPLIST_KEY_UISupportedInterfaceOrientations_iPhone = "";
				IPHONEOS_DEPLOYMENT_TARGET = 17.6;
				LD_RUNPATH_SEARCH_PATHS = (
					"$(inherited)",
					"@executable_path/Frameworks",
				);
				MARKETING_VERSION = 1.0;
				PRODUCT_BUNDLE_IDENTIFIER = com.hayesenterprisesllc.onthaset;
				PRODUCT_NAME = "$(TARGET_NAME)";
				SUPPORTED_PLATFORMS = "iphoneos iphonesimulator";
				SUPPORTS_MACCATALYST = NO;
				SUPPORTS_MAC_DESIGNED_FOR_IPHONE_IPAD = NO;
				SUPPORTS_XR_DESIGNED_FOR_IPHONE_IPAD = NO;
				SWIFT_EMIT_LOC_STRINGS = YES;
				SWIFT_VERSION = 5.0;
				TARGETED_DEVICE_FAMILY = 1;
			};
			name = Release;
		};
		996BBC962EE23EE800C4A68C /* Debug */ = {
			isa = XCBuildConfiguration;
			buildSettings = {
				BUNDLE_LOADER = "$(TEST_HOST)";
				CODE_SIGN_STYLE = Automatic;
				CURRENT_PROJECT_VERSION = 1;
				GENERATE_INFOPLIST_FILE = YES;
				IPHONEOS_DEPLOYMENT_TARGET = 18.5;
				MARKETING_VERSION = 1.0;
				PRODUCT_BUNDLE_IDENTIFIER = "-05-107.OnThaSet--New-Tests";
				PRODUCT_NAME = "$(TARGET_NAME)";
				SWIFT_EMIT_LOC_STRINGS = NO;
				SWIFT_VERSION = 5.0;
				TARGETED_DEVICE_FAMILY = "1,2";
				TEST_HOST = "$(BUILT_PRODUCTS_DIR)/OnThaSet (New).app/$(BUNDLE_EXECUTABLE_FOLDER_PATH)/OnThaSet (New)";
			};
			name = Debug;
		};
		996BBC972EE23EE800C4A68C /* Release */ = {
			isa = XCBuildConfiguration;
			buildSettings = {
				BUNDLE_LOADER = "$(TEST_HOST)";
				CODE_SIGN_STYLE = Automatic;
				CURRENT_PROJECT_VERSION = 1;
				GENERATE_INFOPLIST_FILE = YES;
				IPHONEOS_DEPLOYMENT_TARGET = 18.5;
				MARKETING_VERSION = 1.0;
				PRODUCT_BUNDLE_IDENTIFIER = "-05-107.OnThaSet--New-Tests";
				PRODUCT_NAME = "$(TARGET_NAME)";
				SWIFT_EMIT_LOC_STRINGS = NO;
				SWIFT_VERSION = 5.0;
				TARGETED_DEVICE_FAMILY = "1,2";
				TEST_HOST = "$(BUILT_PRODUCTS_DIR)/OnThaSet (New).app/$(BUNDLE_EXECUTABLE_FOLDER_PATH)/OnThaSet (New)";
			};
			name = Release;
		};
		996BBC992EE23EE800C4A68C /* Debug */ = {
			isa = XCBuildConfiguration;
			buildSettings = {
				CODE_SIGN_STYLE = Automatic;
				CURRENT_PROJECT_VERSION = 1;
				GENERATE_INFOPLIST_FILE = YES;
				MARKETING_VERSION = 1.0;
				PRODUCT_BUNDLE_IDENTIFIER = "-05-107.OnThaSet--New-UITests";
				PRODUCT_NAME = "$(TARGET_NAME)";
				SWIFT_EMIT_LOC_STRINGS = NO;
				SWIFT_VERSION = 5.0;
				TARGETED_DEVICE_FAMILY = "1,2";
				TEST_TARGET_NAME = "OnThaSet (New)";
			};
			name = Debug;
		};
		996BBC9A2EE23EE800C4A68C /* Release */ = {
			isa = XCBuildConfiguration;
			buildSettings = {
				CODE_SIGN_STYLE = Automatic;
				CURRENT_PROJECT_VERSION = 1;
				GENERATE_INFOPLIST_FILE = YES;
				MARKETING_VERSION = 1.0;
				PRODUCT_BUNDLE_IDENTIFIER = "-05-107.OnThaSet--New-UITests";
				PRODUCT_NAME = "$(TARGET_NAME)";
				SWIFT_EMIT_LOC_STRINGS = NO;
				SWIFT_VERSION = 5.0;
				TARGETED_DEVICE_FAMILY = "1,2";
				TEST_TARGET_NAME = "OnThaSet (New)";
			};
			name = Release;
		};
/* End XCBuildConfiguration section */

/* Begin XCConfigurationList section */
		996BBC6A2EE23EE700C4A68C /* Build configuration list for PBXProject "OnThaSet (New)" */ = {
			isa = XCConfigurationList;
			buildConfigurations = (
				996BBC902EE23EE800C4A68C /* Debug */,
				996BBC912EE23EE800C4A68C /* Release */,
			);
			defaultConfigurationIsVisible = 0;
			defaultConfigurationName = Release;
		};
		996BBC922EE23EE800C4A68C /* Build configuration list for PBXNativeTarget "OnThaSet (New)" */ = {
			isa = XCConfigurationList;
			buildConfigurations = (
				996BBC932EE23EE800C4A68C /* Debug */,
				996BBC942EE23EE800C4A68C /* Release */,
			);
			defaultConfigurationIsVisible = 0;
			defaultConfigurationName = Release;
		};
		996BBC952EE23EE800C4A68C /* Build configuration list for PBXNativeTarget "OnThaSet (New)Tests" */ = {
			isa = XCConfigurationList;
			buildConfigurations = (
				996BBC962EE23EE800C4A68C /* Debug */,
				996BBC972EE23EE800C4A68C /* Release */,
			);
			defaultConfigurationIsVisible = 0;
			defaultConfigurationName = Release;
		};
		996BBC982EE23EE800C4A68C /* Build configuration list for PBXNativeTarget "OnThaSet (New)UITests" */ = {
			isa = XCConfigurationList;
			buildConfigurations = (
				996BBC992EE23EE800C4A68C /* Debug */,
				996BBC9A2EE23EE800C4A68C /* Release */,
			);
			defaultConfigurationIsVisible = 0;
			defaultConfigurationName = Release;
		};
/* End XCConfigurationList section */

/* Begin XCRemoteSwiftPackageReference section */
		992BD8CC2F75A667007ABF69 /* XCRemoteSwiftPackageReference "supabase-swift" */ = {
			isa = XCRemoteSwiftPackageReference;
			repositoryURL = "https://github.com/supabase/supabase-swift";
			requirement = {
				kind = upToNextMajorVersion;
				minimumVersion = 2.5.1;
			};
		};
/* End XCRemoteSwiftPackageReference section */

/* Begin XCSwiftPackageProductDependency section */
		992BD8D22F75AC5B007ABF69 /* Supabase */ = {
			isa = XCSwiftPackageProductDependency;
			package = 992BD8CC2F75A667007ABF69 /* XCRemoteSwiftPackageReference "supabase-swift" */;
			productName = Supabase;
		};
/* End XCSwiftPackageProductDependency section */
	};
	rootObject = 996BBC672EE23EE700C4A68C /* Project object */;
}
